// !$*UTF8*$!
{
	archiveVersion = 1;
	classes = {
	};
	objectVersion = 56;
	objects = {

/* Begin PBXBuildFile section */
		0D808705CFC487FACCC1747F /* Pods_RickAndMorthyApp.framework in Frameworks */ = {isa = PBXBuildFile; fileRef = 1CC9AB91B0D6F1091C3B5DE9 /* Pods_RickAndMorthyApp.framework */; };
		5F526BA397DEE374EAA95310 /* Pods_RickAndMorthyAppTests.framework in Frameworks */ = {isa = PBXBuildFile; fileRef = 611C279F021A8206E77C7D11 /* Pods_RickAndMorthyAppTests.framework */; };
		8C295B652A5F033C00F5FF5F /* TestCharacterListView.swift in Sources */ = {isa = PBXBuildFile; fileRef = 8C295B642A5F033C00F5FF5F /* TestCharacterListView.swift */; };
		8C83FBF72A59BBF00059A411 /* RickAndMorthyAppApp.swift in Sources */ = {isa = PBXBuildFile; fileRef = 8C83FBF62A59BBF00059A411 /* RickAndMorthyAppApp.swift */; };
		8C83FBFB2A59BBF10059A411 /* Assets.xcassets in Resources */ = {isa = PBXBuildFile; fileRef = 8C83FBFA2A59BBF10059A411 /* Assets.xcassets */; };
		8C83FBFE2A59BBF10059A411 /* Preview Assets.xcassets in Resources */ = {isa = PBXBuildFile; fileRef = 8C83FBFD2A59BBF10059A411 /* Preview Assets.xcassets */; };
		8C83FC082A59BBF10059A411 /* RickAndMorthyAppTests.swift in Sources */ = {isa = PBXBuildFile; fileRef = 8C83FC072A59BBF10059A411 /* RickAndMorthyAppTests.swift */; };
		8C90987F2A5CF6F700496E19 /* UtilEnum.swift in Sources */ = {isa = PBXBuildFile; fileRef = 8C90987E2A5CF6F700496E19 /* UtilEnum.swift */; };
		8C9098822A5CFD3400496E19 /* Enviroment.plist in Resources */ = {isa = PBXBuildFile; fileRef = 8C9098812A5CFD3400496E19 /* Enviroment.plist */; };
		8C9098842A5CFDD400496E19 /* ServiceResponse.swift in Sources */ = {isa = PBXBuildFile; fileRef = 8C9098832A5CFDD400496E19 /* ServiceResponse.swift */; };
		8C9098862A5D0BC600496E19 /* RequestProvider.swift in Sources */ = {isa = PBXBuildFile; fileRef = 8C9098852A5D0BC500496E19 /* RequestProvider.swift */; };
		8C9098882A5D10B400496E19 /* BaseUrl.swift in Sources */ = {isa = PBXBuildFile; fileRef = 8C9098872A5D10B400496E19 /* BaseUrl.swift */; };
		8CB1F1EE2A5DA4DB009C4779 /* CharacterPresenter.swift in Sources */ = {isa = PBXBuildFile; fileRef = 8CB1F1ED2A5DA4DB009C4779 /* CharacterPresenter.swift */; };
		8CB1F1F02A5DAB7B009C4779 /* CharacterResponse.swift in Sources */ = {isa = PBXBuildFile; fileRef = 8CB1F1EF2A5DAB7B009C4779 /* CharacterResponse.swift */; };
		8CB1F1F22A5DD0D9009C4779 /* Extensions.swift in Sources */ = {isa = PBXBuildFile; fileRef = 8CB1F1F12A5DD0D9009C4779 /* Extensions.swift */; };
		8CB1F1F82A5DE6CE009C4779 /* Description.swift in Sources */ = {isa = PBXBuildFile; fileRef = 8CB1F1F72A5DE6CE009C4779 /* Description.swift */; };
		8CB1F1FB2A5DEB30009C4779 /* CharacterCell.swift in Sources */ = {isa = PBXBuildFile; fileRef = 8CB1F1FA2A5DEB30009C4779 /* CharacterCell.swift */; };
		8CB3765B2A603D780058961A /* RickAndMorthyApp.xctestplan in Resources */ = {isa = PBXBuildFile; fileRef = 8CB3765A2A603D780058961A /* RickAndMorthyApp.xctestplan */; };
		8CCCB73E2A5C744C00D7FD47 /* Network.swift in Sources */ = {isa = PBXBuildFile; fileRef = 8CCCB73D2A5C744C00D7FD47 /* Network.swift */; };
		8CCCB7442A5C78D800D7FD47 /* ApiError.swift in Sources */ = {isa = PBXBuildFile; fileRef = 8CCCB7432A5C78D800D7FD47 /* ApiError.swift */; };
		8CCCB74A2A5C920900D7FD47 /* TabbarContentView.swift in Sources */ = {isa = PBXBuildFile; fileRef = 8CCCB7492A5C920900D7FD47 /* TabbarContentView.swift */; };
		8CCCB74C2A5C960200D7FD47 /* CharacterView.swift in Sources */ = {isa = PBXBuildFile; fileRef = 8CCCB74B2A5C960200D7FD47 /* CharacterView.swift */; };
		8CCCB7562A5C969700D7FD47 /* EpisodeView.swift in Sources */ = {isa = PBXBuildFile; fileRef = 8CCCB7552A5C969700D7FD47 /* EpisodeView.swift */; };
		8CCCB7582A5C96AB00D7FD47 /* LocationView.swift in Sources */ = {isa = PBXBuildFile; fileRef = 8CCCB7572A5C96AB00D7FD47 /* LocationView.swift */; };
		8CCCB75B2A5CB08700D7FD47 /* LaunchScreen.storyboard in Resources */ = {isa = PBXBuildFile; fileRef = 8CCCB75A2A5CB08700D7FD47 /* LaunchScreen.storyboard */; };
/* End PBXBuildFile section */

/* Begin PBXContainerItemProxy section */
		8C83FC042A59BBF10059A411 /* PBXContainerItemProxy */ = {
			isa = PBXContainerItemProxy;
			containerPortal = 8C83FBEB2A59BBF00059A411 /* Project object */;
			proxyType = 1;
			remoteGlobalIDString = 8C83FBF22A59BBF00059A411;
			remoteInfo = RickAndMorthyApp;
		};
/* End PBXContainerItemProxy section */

/* Begin PBXFileReference section */
		0D9D5943935A58682606A94F /* Pods-RickAndMorthyApp.release.xcconfig */ = {isa = PBXFileReference; includeInIndex = 1; lastKnownFileType = text.xcconfig; name = "Pods-RickAndMorthyApp.release.xcconfig"; path = "Target Support Files/Pods-RickAndMorthyApp/Pods-RickAndMorthyApp.release.xcconfig"; sourceTree = "<group>"; };
		1CC9AB91B0D6F1091C3B5DE9 /* Pods_RickAndMorthyApp.framework */ = {isa = PBXFileReference; explicitFileType = wrapper.framework; includeInIndex = 0; path = Pods_RickAndMorthyApp.framework; sourceTree = BUILT_PRODUCTS_DIR; };
		611C279F021A8206E77C7D11 /* Pods_RickAndMorthyAppTests.framework */ = {isa = PBXFileReference; explicitFileType = wrapper.framework; includeInIndex = 0; path = Pods_RickAndMorthyAppTests.framework; sourceTree = BUILT_PRODUCTS_DIR; };
		6A0DB88F6101262A1C9F76AF /* Pods-RickAndMorthyAppTests.release.xcconfig */ = {isa = PBXFileReference; includeInIndex = 1; lastKnownFileType = text.xcconfig; name = "Pods-RickAndMorthyAppTests.release.xcconfig"; path = "Target Support Files/Pods-RickAndMorthyAppTests/Pods-RickAndMorthyAppTests.release.xcconfig"; sourceTree = "<group>"; };
		7FD1F57A7D3FAB127F2FFC8E /* Pods-RickAndMorthyAppTests.debug.xcconfig */ = {isa = PBXFileReference; includeInIndex = 1; lastKnownFileType = text.xcconfig; name = "Pods-RickAndMorthyAppTests.debug.xcconfig"; path = "Target Support Files/Pods-RickAndMorthyAppTests/Pods-RickAndMorthyAppTests.debug.xcconfig"; sourceTree = "<group>"; };
		8C295B642A5F033C00F5FF5F /* TestCharacterListView.swift */ = {isa = PBXFileReference; lastKnownFileType = sourcecode.swift; path = TestCharacterListView.swift; sourceTree = "<group>"; };
		8C83FBF32A59BBF00059A411 /* RickAndMorthyApp.app */ = {isa = PBXFileReference; explicitFileType = wrapper.application; includeInIndex = 0; path = RickAndMorthyApp.app; sourceTree = BUILT_PRODUCTS_DIR; };
		8C83FBF62A59BBF00059A411 /* RickAndMorthyAppApp.swift */ = {isa = PBXFileReference; lastKnownFileType = sourcecode.swift; path = RickAndMorthyAppApp.swift; sourceTree = "<group>"; };
		8C83FBFA2A59BBF10059A411 /* Assets.xcassets */ = {isa = PBXFileReference; lastKnownFileType = folder.assetcatalog; path = Assets.xcassets; sourceTree = "<group>"; };
		8C83FBFD2A59BBF10059A411 /* Preview Assets.xcassets */ = {isa = PBXFileReference; lastKnownFileType = folder.assetcatalog; path = "Preview Assets.xcassets"; sourceTree = "<group>"; };
		8C83FC032A59BBF10059A411 /* RickAndMorthyAppTests.xctest */ = {isa = PBXFileReference; explicitFileType = wrapper.cfbundle; includeInIndex = 0; path = RickAndMorthyAppTests.xctest; sourceTree = BUILT_PRODUCTS_DIR; };
		8C83FC072A59BBF10059A411 /* RickAndMorthyAppTests.swift */ = {isa = PBXFileReference; lastKnownFileType = sourcecode.swift; path = RickAndMorthyAppTests.swift; sourceTree = "<group>"; };
		8C90987E2A5CF6F700496E19 /* UtilEnum.swift */ = {isa = PBXFileReference; lastKnownFileType = sourcecode.swift; path = UtilEnum.swift; sourceTree = "<group>"; };
		8C9098812A5CFD3400496E19 /* Enviroment.plist */ = {isa = PBXFileReference; lastKnownFileType = text.plist.xml; path = Enviroment.plist; sourceTree = "<group>"; };
		8C9098832A5CFDD400496E19 /* ServiceResponse.swift */ = {isa = PBXFileReference; lastKnownFileType = sourcecode.swift; path = ServiceResponse.swift; sourceTree = "<group>"; };
		8C9098852A5D0BC500496E19 /* RequestProvider.swift */ = {isa = PBXFileReference; lastKnownFileType = sourcecode.swift; path = RequestProvider.swift; sourceTree = "<group>"; };
		8C9098872A5D10B400496E19 /* BaseUrl.swift */ = {isa = PBXFileReference; lastKnownFileType = sourcecode.swift; path = BaseUrl.swift; sourceTree = "<group>"; };
		8CB1F1ED2A5DA4DB009C4779 /* CharacterPresenter.swift */ = {isa = PBXFileReference; lastKnownFileType = sourcecode.swift; path = CharacterPresenter.swift; sourceTree = "<group>"; };
		8CB1F1EF2A5DAB7B009C4779 /* CharacterResponse.swift */ = {isa = PBXFileReference; lastKnownFileType = sourcecode.swift; path = CharacterResponse.swift; sourceTree = "<group>"; };
		8CB1F1F12A5DD0D9009C4779 /* Extensions.swift */ = {isa = PBXFileReference; lastKnownFileType = sourcecode.swift; path = Extensions.swift; sourceTree = "<group>"; };
		8CB1F1F72A5DE6CE009C4779 /* Description.swift */ = {isa = PBXFileReference; lastKnownFileType = sourcecode.swift; path = Description.swift; sourceTree = "<group>"; };
		8CB1F1FA2A5DEB30009C4779 /* CharacterCell.swift */ = {isa = PBXFileReference; lastKnownFileType = sourcecode.swift; path = CharacterCell.swift; sourceTree = "<group>"; };
		8CB3765A2A603D780058961A /* RickAndMorthyApp.xctestplan */ = {isa = PBXFileReference; lastKnownFileType = file; path = RickAndMorthyApp.xctestplan; sourceTree = SOURCE_ROOT; };
		8CCCB73D2A5C744C00D7FD47 /* Network.swift */ = {isa = PBXFileReference; lastKnownFileType = sourcecode.swift; path = Network.swift; sourceTree = "<group>"; };
		8CCCB7432A5C78D800D7FD47 /* ApiError.swift */ = {isa = PBXFileReference; lastKnownFileType = sourcecode.swift; path = ApiError.swift; sourceTree = "<group>"; };
		8CCCB7492A5C920900D7FD47 /* TabbarContentView.swift */ = {isa = PBXFileReference; lastKnownFileType = sourcecode.swift; path = TabbarContentView.swift; sourceTree = "<group>"; };
		8CCCB74B2A5C960200D7FD47 /* CharacterView.swift */ = {isa = PBXFileReference; lastKnownFileType = sourcecode.swift; path = CharacterView.swift; sourceTree = "<group>"; };
		8CCCB7552A5C969700D7FD47 /* EpisodeView.swift */ = {isa = PBXFileReference; lastKnownFileType = sourcecode.swift; path = EpisodeView.swift; sourceTree = "<group>"; };
		8CCCB7572A5C96AB00D7FD47 /* LocationView.swift */ = {isa = PBXFileReference; lastKnownFileType = sourcecode.swift; path = LocationView.swift; sourceTree = "<group>"; };
		8CCCB75A2A5CB08700D7FD47 /* LaunchScreen.storyboard */ = {isa = PBXFileReference; lastKnownFileType = file.storyboard; path = LaunchScreen.storyboard; sourceTree = "<group>"; };
		C3ED96B36A421EFCE6CE6A1C /* Pods-RickAndMorthyApp.debug.xcconfig */ = {isa = PBXFileReference; includeInIndex = 1; lastKnownFileType = text.xcconfig; name = "Pods-RickAndMorthyApp.debug.xcconfig"; path = "Target Support Files/Pods-RickAndMorthyApp/Pods-RickAndMorthyApp.debug.xcconfig"; sourceTree = "<group>"; };
/* End PBXFileReference section */

/* Begin PBXFrameworksBuildPhase section */
		8C83FBF02A59BBF00059A411 /* Frameworks */ = {
			isa = PBXFrameworksBuildPhase;
			buildActionMask = 2147483647;
			files = (
				0D808705CFC487FACCC1747F /* Pods_RickAndMorthyApp.framework in Frameworks */,
			);
			runOnlyForDeploymentPostprocessing = 0;
		};
		8C83FC002A59BBF10059A411 /* Frameworks */ = {
			isa = PBXFrameworksBuildPhase;
			buildActionMask = 2147483647;
			files = (
				5F526BA397DEE374EAA95310 /* Pods_RickAndMorthyAppTests.framework in Frameworks */,
			);
			runOnlyForDeploymentPostprocessing = 0;
		};
/* End PBXFrameworksBuildPhase section */

/* Begin PBXGroup section */
		770E31147EEF5EAA01385CCA /* Pods */ = {
			isa = PBXGroup;
			children = (
				C3ED96B36A421EFCE6CE6A1C /* Pods-RickAndMorthyApp.debug.xcconfig */,
				0D9D5943935A58682606A94F /* Pods-RickAndMorthyApp.release.xcconfig */,
				7FD1F57A7D3FAB127F2FFC8E /* Pods-RickAndMorthyAppTests.debug.xcconfig */,
				6A0DB88F6101262A1C9F76AF /* Pods-RickAndMorthyAppTests.release.xcconfig */,
			);
			path = Pods;
			sourceTree = "<group>";
		};
		8C83FBEA2A59BBF00059A411 = {
			isa = PBXGroup;
			children = (
				8C83FBF52A59BBF00059A411 /* RickAndMorthyApp */,
				8C83FC062A59BBF10059A411 /* RickAndMorthyAppTests */,
				8C83FBF42A59BBF00059A411 /* Products */,
				770E31147EEF5EAA01385CCA /* Pods */,
				DE9CA160C890ACFBBADCEF4F /* Frameworks */,
			);
			sourceTree = "<group>";
		};
		8C83FBF42A59BBF00059A411 /* Products */ = {
			isa = PBXGroup;
			children = (
				8C83FBF32A59BBF00059A411 /* RickAndMorthyApp.app */,
				8C83FC032A59BBF10059A411 /* RickAndMorthyAppTests.xctest */,
			);
			name = Products;
			sourceTree = "<group>";
		};
		8C83FBF52A59BBF00059A411 /* RickAndMorthyApp */ = {
			isa = PBXGroup;
			children = (
				8CB3765A2A603D780058961A /* RickAndMorthyApp.xctestplan */,
				8C9098802A5CFD0300496E19 /* Enviroment */,
				8CCCB7592A5CB02D00D7FD47 /* LaunchScreen */,
				8CCCB7482A5C917F00D7FD47 /* ContentView */,
				8CB0F19E2A5C5E34006B5D3C /* Module */,
				8C83FBF62A59BBF00059A411 /* RickAndMorthyAppApp.swift */,
				8C83FBFA2A59BBF10059A411 /* Assets.xcassets */,
				8C83FBFC2A59BBF10059A411 /* Preview Content */,
			);
			path = RickAndMorthyApp;
			sourceTree = "<group>";
		};
		8C83FBFC2A59BBF10059A411 /* Preview Content */ = {
			isa = PBXGroup;
			children = (
				8C83FBFD2A59BBF10059A411 /* Preview Assets.xcassets */,
			);
			path = "Preview Content";
			sourceTree = "<group>";
		};
		8C83FC062A59BBF10059A411 /* RickAndMorthyAppTests */ = {
			isa = PBXGroup;
			children = (
				8C83FC072A59BBF10059A411 /* RickAndMorthyAppTests.swift */,
			);
			path = RickAndMorthyAppTests;
			sourceTree = "<group>";
		};
		8C90987D2A5CF6DC00496E19 /* Util */ = {
			isa = PBXGroup;
			children = (
				8C90987E2A5CF6F700496E19 /* UtilEnum.swift */,
				8CB1F1F12A5DD0D9009C4779 /* Extensions.swift */,
			);
			path = Util;
			sourceTree = "<group>";
		};
		8C9098802A5CFD0300496E19 /* Enviroment */ = {
			isa = PBXGroup;
			children = (
				8C9098812A5CFD3400496E19 /* Enviroment.plist */,
			);
			path = Enviroment;
			sourceTree = "<group>";
		};
		8CB0F19E2A5C5E34006B5D3C /* Module */ = {
			isa = PBXGroup;
			children = (
				8C90987D2A5CF6DC00496E19 /* Util */,
				8CB1F1F32A5DE68D009C4779 /* CustomViews */,
				8CCCB74E2A5C964900D7FD47 /* Episode */,
				8CCCB74D2A5C964200D7FD47 /* Location */,
				8CB0F19F2A5C5E34006B5D3C /* Character */,
				8CB0F1A32A5C5E34006B5D3C /* Network */,
			);
			path = Module;
			sourceTree = "<group>";
		};
		8CB0F19F2A5C5E34006B5D3C /* Character */ = {
			isa = PBXGroup;
			children = (
				8CB0F1A02A5C5E34006B5D3C /* Presenter */,
				8CB0F1A12A5C5E34006B5D3C /* Models */,
				8CB0F1A22A5C5E34006B5D3C /* View */,
			);
			path = Character;
			sourceTree = "<group>";
		};
		8CB0F1A02A5C5E34006B5D3C /* Presenter */ = {
			isa = PBXGroup;
			children = (
				8CB1F1ED2A5DA4DB009C4779 /* CharacterPresenter.swift */,
			);
			path = Presenter;
			sourceTree = "<group>";
		};
		8CB0F1A12A5C5E34006B5D3C /* Models */ = {
			isa = PBXGroup;
			children = (
				8CB1F1EF2A5DAB7B009C4779 /* CharacterResponse.swift */,
			);
			path = Models;
			sourceTree = "<group>";
		};
		8CB0F1A22A5C5E34006B5D3C /* View */ = {
			isa = PBXGroup;
			children = (
				8CB1F1F92A5DEAEE009C4779 /* Cell */,
				8CCCB74B2A5C960200D7FD47 /* CharacterView.swift */,
				8C295B642A5F033C00F5FF5F /* TestCharacterListView.swift */,
			);
			path = View;
			sourceTree = "<group>";
		};
		8CB0F1A32A5C5E34006B5D3C /* Network */ = {
			isa = PBXGroup;
			children = (
				8CCCB73D2A5C744C00D7FD47 /* Network.swift */,
				8CCCB7432A5C78D800D7FD47 /* ApiError.swift */,
				8C9098832A5CFDD400496E19 /* ServiceResponse.swift */,
				8C9098852A5D0BC500496E19 /* RequestProvider.swift */,
				8C9098872A5D10B400496E19 /* BaseUrl.swift */,
			);
			path = Network;
			sourceTree = "<group>";
		};
		8CB1F1F32A5DE68D009C4779 /* CustomViews */ = {
			isa = PBXGroup;
			children = (
				8CB1F1F42A5DE69F009C4779 /* View */,
			);
			path = CustomViews;
			sourceTree = "<group>";
		};
		8CB1F1F42A5DE69F009C4779 /* View */ = {
			isa = PBXGroup;
			children = (
				8CB1F1F72A5DE6CE009C4779 /* Description.swift */,
			);
			path = View;
			sourceTree = "<group>";
		};
		8CB1F1F92A5DEAEE009C4779 /* Cell */ = {
			isa = PBXGroup;
			children = (
				8CB1F1FA2A5DEB30009C4779 /* CharacterCell.swift */,
			);
			path = Cell;
			sourceTree = "<group>";
		};
		8CCCB7482A5C917F00D7FD47 /* ContentView */ = {
			isa = PBXGroup;
			children = (
				8CCCB7492A5C920900D7FD47 /* TabbarContentView.swift */,
			);
			path = ContentView;
			sourceTree = "<group>";
		};
		8CCCB74D2A5C964200D7FD47 /* Location */ = {
			isa = PBXGroup;
			children = (
				8CCCB7542A5C968600D7FD47 /* View */,
				8CCCB7532A5C967E00D7FD47 /* Models */,
				8CCCB7522A5C967700D7FD47 /* Presenter */,
			);
			path = Location;
			sourceTree = "<group>";
		};
		8CCCB74E2A5C964900D7FD47 /* Episode */ = {
			isa = PBXGroup;
			children = (
				8CCCB7512A5C966D00D7FD47 /* View */,
				8CCCB7502A5C966300D7FD47 /* Models */,
				8CCCB74F2A5C965C00D7FD47 /* Presenter */,
			);
			path = Episode;
			sourceTree = "<group>";
		};
		8CCCB74F2A5C965C00D7FD47 /* Presenter */ = {
			isa = PBXGroup;
			children = (
			);
			path = Presenter;
			sourceTree = "<group>";
		};
		8CCCB7502A5C966300D7FD47 /* Models */ = {
			isa = PBXGroup;
			children = (
			);
			path = Models;
			sourceTree = "<group>";
		};
		8CCCB7512A5C966D00D7FD47 /* View */ = {
			isa = PBXGroup;
			children = (
				8CCCB7552A5C969700D7FD47 /* EpisodeView.swift */,
			);
			path = View;
			sourceTree = "<group>";
		};
		8CCCB7522A5C967700D7FD47 /* Presenter */ = {
			isa = PBXGroup;
			children = (
			);
			path = Presenter;
			sourceTree = "<group>";
		};
		8CCCB7532A5C967E00D7FD47 /* Models */ = {
			isa = PBXGroup;
			children = (
			);
			path = Models;
			sourceTree = "<group>";
		};
		8CCCB7542A5C968600D7FD47 /* View */ = {
			isa = PBXGroup;
			children = (
				8CCCB7572A5C96AB00D7FD47 /* LocationView.swift */,
			);
			path = View;
			sourceTree = "<group>";
		};
		8CCCB7592A5CB02D00D7FD47 /* LaunchScreen */ = {
			isa = PBXGroup;
			children = (
				8CCCB75A2A5CB08700D7FD47 /* LaunchScreen.storyboard */,
			);
			path = LaunchScreen;
			sourceTree = "<group>";
		};
		DE9CA160C890ACFBBADCEF4F /* Frameworks */ = {
			isa = PBXGroup;
			children = (
				1CC9AB91B0D6F1091C3B5DE9 /* Pods_RickAndMorthyApp.framework */,
				611C279F021A8206E77C7D11 /* Pods_RickAndMorthyAppTests.framework */,
			);
			name = Frameworks;
			sourceTree = "<group>";
		};
/* End PBXGroup section */

/* Begin PBXNativeTarget section */
		8C83FBF22A59BBF00059A411 /* RickAndMorthyApp */ = {
			isa = PBXNativeTarget;
			buildConfigurationList = 8C83FC172A59BBF10059A411 /* Build configuration list for PBXNativeTarget "RickAndMorthyApp" */;
			buildPhases = (
				A3B7602A98A40372B19EDC62 /* [CP] Check Pods Manifest.lock */,
				8C83FBEF2A59BBF00059A411 /* Sources */,
				8C83FBF02A59BBF00059A411 /* Frameworks */,
				8C83FBF12A59BBF00059A411 /* Resources */,
				67E9EABF97DD42A47004B49A /* [CP] Embed Pods Frameworks */,
			);
			buildRules = (
			);
			dependencies = (
			);
			name = RickAndMorthyApp;
			productName = RickAndMorthyApp;
			productReference = 8C83FBF32A59BBF00059A411 /* RickAndMorthyApp.app */;
			productType = "com.apple.product-type.application";
		};
		8C83FC022A59BBF10059A411 /* RickAndMorthyAppTests */ = {
			isa = PBXNativeTarget;
			buildConfigurationList = 8C83FC1A2A59BBF10059A411 /* Build configuration list for PBXNativeTarget "RickAndMorthyAppTests" */;
			buildPhases = (
				282D5AF2F4BDCE828F98C7C5 /* [CP] Check Pods Manifest.lock */,
				8C83FBFF2A59BBF10059A411 /* Sources */,
				8C83FC002A59BBF10059A411 /* Frameworks */,
				8C83FC012A59BBF10059A411 /* Resources */,
			);
			buildRules = (
			);
			dependencies = (
				8C83FC052A59BBF10059A411 /* PBXTargetDependency */,
			);
			name = RickAndMorthyAppTests;
			productName = RickAndMorthyAppTests;
			productReference = 8C83FC032A59BBF10059A411 /* RickAndMorthyAppTests.xctest */;
			productType = "com.apple.product-type.bundle.unit-test";
		};
/* End PBXNativeTarget section */

/* Begin PBXProject section */
		8C83FBEB2A59BBF00059A411 /* Project object */ = {
			isa = PBXProject;
			attributes = {
				BuildIndependentTargetsInParallel = 1;
				LastSwiftUpdateCheck = 1430;
				LastUpgradeCheck = 1430;
				TargetAttributes = {
					8C83FBF22A59BBF00059A411 = {
						CreatedOnToolsVersion = 14.3.1;
					};
					8C83FC022A59BBF10059A411 = {
						CreatedOnToolsVersion = 14.3.1;
						TestTargetID = 8C83FBF22A59BBF00059A411;
					};
				};
			};
			buildConfigurationList = 8C83FBEE2A59BBF00059A411 /* Build configuration list for PBXProject "RickAndMorthyApp" */;
			compatibilityVersion = "Xcode 14.0";
			developmentRegion = en;
			hasScannedForEncodings = 0;
			knownRegions = (
				en,
				Base,
			);
			mainGroup = 8C83FBEA2A59BBF00059A411;
			productRefGroup = 8C83FBF42A59BBF00059A411 /* Products */;
			projectDirPath = "";
			projectRoot = "";
			targets = (
				8C83FBF22A59BBF00059A411 /* RickAndMorthyApp */,
				8C83FC022A59BBF10059A411 /* RickAndMorthyAppTests */,
			);
		};
/* End PBXProject section */

/* Begin PBXResourcesBuildPhase section */
		8C83FBF12A59BBF00059A411 /* Resources */ = {
			isa = PBXResourcesBuildPhase;
			buildActionMask = 2147483647;
			files = (
				8C83FBFE2A59BBF10059A411 /* Preview Assets.xcassets in Resources */,
				8C9098822A5CFD3400496E19 /* Enviroment.plist in Resources */,
				8CB3765B2A603D780058961A /* RickAndMorthyApp.xctestplan in Resources */,
				8C83FBFB2A59BBF10059A411 /* Assets.xcassets in Resources */,
				8CCCB75B2A5CB08700D7FD47 /* LaunchScreen.storyboard in Resources */,
			);
			runOnlyForDeploymentPostprocessing = 0;
		};
		8C83FC012A59BBF10059A411 /* Resources */ = {
			isa = PBXResourcesBuildPhase;
			buildActionMask = 2147483647;
			files = (
			);
			runOnlyForDeploymentPostprocessing = 0;
		};
/* End PBXResourcesBuildPhase section */

/* Begin PBXShellScriptBuildPhase section */
		282D5AF2F4BDCE828F98C7C5 /* [CP] Check Pods Manifest.lock */ = {
			isa = PBXShellScriptBuildPhase;
			buildActionMask = 2147483647;
			files = (
			);
			inputFileListPaths = (
			);
			inputPaths = (
				"${PODS_PODFILE_DIR_PATH}/Podfile.lock",
				"${PODS_ROOT}/Manifest.lock",
			);
			name = "[CP] Check Pods Manifest.lock";
			outputFileListPaths = (
			);
			outputPaths = (
				"$(DERIVED_FILE_DIR)/Pods-RickAndMorthyAppTests-checkManifestLockResult.txt",
			);
			runOnlyForDeploymentPostprocessing = 0;
			shellPath = /bin/sh;
			shellScript = "diff \"${PODS_PODFILE_DIR_PATH}/Podfile.lock\" \"${PODS_ROOT}/Manifest.lock\" > /dev/null\nif [ $? != 0 ] ; then\n    # print error to STDERR\n    echo \"error: The sandbox is not in sync with the Podfile.lock. Run 'pod install' or update your CocoaPods installation.\" >&2\n    exit 1\nfi\n# This output is used by Xcode 'outputs' to avoid re-running this script phase.\necho \"SUCCESS\" > \"${SCRIPT_OUTPUT_FILE_0}\"\n";
			showEnvVarsInLog = 0;
		};
		67E9EABF97DD42A47004B49A /* [CP] Embed Pods Frameworks */ = {
			isa = PBXShellScriptBuildPhase;
			buildActionMask = 2147483647;
			files = (
			);
			inputFileListPaths = (
				"${PODS_ROOT}/Target Support Files/Pods-RickAndMorthyApp/Pods-RickAndMorthyApp-frameworks-${CONFIGURATION}-input-files.xcfilelist",
			);
			name = "[CP] Embed Pods Frameworks";
			outputFileListPaths = (
				"${PODS_ROOT}/Target Support Files/Pods-RickAndMorthyApp/Pods-RickAndMorthyApp-frameworks-${CONFIGURATION}-output-files.xcfilelist",
			);
			runOnlyForDeploymentPostprocessing = 0;
			shellPath = /bin/sh;
			shellScript = "\"${PODS_ROOT}/Target Support Files/Pods-RickAndMorthyApp/Pods-RickAndMorthyApp-frameworks.sh\"\n";
			showEnvVarsInLog = 0;
		};
		A3B7602A98A40372B19EDC62 /* [CP] Check Pods Manifest.lock */ = {
			isa = PBXShellScriptBuildPhase;
			buildActionMask = 2147483647;
			files = (
			);
			inputFileListPaths = (
			);
			inputPaths = (
				"${PODS_PODFILE_DIR_PATH}/Podfile.lock",
				"${PODS_ROOT}/Manifest.lock",
			);
			name = "[CP] Check Pods Manifest.lock";
			outputFileListPaths = (
			);
			outputPaths = (
				"$(DERIVED_FILE_DIR)/Pods-RickAndMorthyApp-checkManifestLockResult.txt",
			);
			runOnlyForDeploymentPostprocessing = 0;
			shellPath = /bin/sh;
			shellScript = "diff \"${PODS_PODFILE_DIR_PATH}/Podfile.lock\" \"${PODS_ROOT}/Manifest.lock\" > /dev/null\nif [ $? != 0 ] ; then\n    # print error to STDERR\n    echo \"error: The sandbox is not in sync with the Podfile.lock. Run 'pod install' or update your CocoaPods installation.\" >&2\n    exit 1\nfi\n# This output is used by Xcode 'outputs' to avoid re-running this script phase.\necho \"SUCCESS\" > \"${SCRIPT_OUTPUT_FILE_0}\"\n";
			showEnvVarsInLog = 0;
		};
/* End PBXShellScriptBuildPhase section */

/* Begin PBXSourcesBuildPhase section */
		8C83FBEF2A59BBF00059A411 /* Sources */ = {
			isa = PBXSourcesBuildPhase;
			buildActionMask = 2147483647;
			files = (
				8CB1F1EE2A5DA4DB009C4779 /* CharacterPresenter.swift in Sources */,
				8CCCB7442A5C78D800D7FD47 /* ApiError.swift in Sources */,
				8C9098882A5D10B400496E19 /* BaseUrl.swift in Sources */,
				8C83FBF72A59BBF00059A411 /* RickAndMorthyAppApp.swift in Sources */,
				8C9098862A5D0BC600496E19 /* RequestProvider.swift in Sources */,
				8CCCB74C2A5C960200D7FD47 /* CharacterView.swift in Sources */,
				8CCCB74A2A5C920900D7FD47 /* TabbarContentView.swift in Sources */,
				8C90987F2A5CF6F700496E19 /* UtilEnum.swift in Sources */,
				8CCCB7582A5C96AB00D7FD47 /* LocationView.swift in Sources */,
				8C9098842A5CFDD400496E19 /* ServiceResponse.swift in Sources */,
				8CCCB7562A5C969700D7FD47 /* EpisodeView.swift in Sources */,
				8C295B652A5F033C00F5FF5F /* TestCharacterListView.swift in Sources */,
				8CCCB73E2A5C744C00D7FD47 /* Network.swift in Sources */,
				8CB1F1F82A5DE6CE009C4779 /* Description.swift in Sources */,
				8CB1F1F02A5DAB7B009C4779 /* CharacterResponse.swift in Sources */,
				8CB1F1F22A5DD0D9009C4779 /* Extensions.swift in Sources */,
				8CB1F1FB2A5DEB30009C4779 /* CharacterCell.swift in Sources */,
			);
			runOnlyForDeploymentPostprocessing = 0;
		};
		8C83FBFF2A59BBF10059A411 /* Sources */ = {
			isa = PBXSourcesBuildPhase;
			buildActionMask = 2147483647;
			files = (
				8C83FC082A59BBF10059A411 /* RickAndMorthyAppTests.swift in Sources */,
			);
			runOnlyForDeploymentPostprocessing = 0;
		};
/* End PBXSourcesBuildPhase section */

/* Begin PBXTargetDependency section */
		8C83FC052A59BBF10059A411 /* PBXTargetDependency */ = {
			isa = PBXTargetDependency;
			target = 8C83FBF22A59BBF00059A411 /* RickAndMorthyApp */;
			targetProxy = 8C83FC042A59BBF10059A411 /* PBXContainerItemProxy */;
		};
/* End PBXTargetDependency section */

/* Begin XCBuildConfiguration section */
		8C83FC152A59BBF10059A411 /* Debug */ = {
			isa = XCBuildConfiguration;
			buildSettings = {
				ALWAYS_SEARCH_USER_PATHS = NO;
				CLANG_ANALYZER_NONNULL = YES;
				CLANG_ANALYZER_NUMBER_OBJECT_CONVERSION = YES_AGGRESSIVE;
				CLANG_CXX_LANGUAGE_STANDARD = "gnu++20";
				CLANG_ENABLE_MODULES = YES;
				CLANG_ENABLE_OBJC_ARC = YES;
				CLANG_ENABLE_OBJC_WEAK = YES;
				CLANG_WARN_BLOCK_CAPTURE_AUTORELEASING = YES;
				CLANG_WARN_BOOL_CONVERSION = YES;
				CLANG_WARN_COMMA = YES;
				CLANG_WARN_CONSTANT_CONVERSION = YES;
				CLANG_WARN_DEPRECATED_OBJC_IMPLEMENTATIONS = YES;
				CLANG_WARN_DIRECT_OBJC_ISA_USAGE = YES_ERROR;
				CLANG_WARN_DOCUMENTATION_COMMENTS = YES;
				CLANG_WARN_EMPTY_BODY = YES;
				CLANG_WARN_ENUM_CONVERSION = YES;
				CLANG_WARN_INFINITE_RECURSION = YES;
				CLANG_WARN_INT_CONVERSION = YES;
				CLANG_WARN_NON_LITERAL_NULL_CONVERSION = YES;
				CLANG_WARN_OBJC_IMPLICIT_RETAIN_SELF = YES;
				CLANG_WARN_OBJC_LITERAL_CONVERSION = YES;
				CLANG_WARN_OBJC_ROOT_CLASS = YES_ERROR;
				CLANG_WARN_QUOTED_INCLUDE_IN_FRAMEWORK_HEADER = YES;
				CLANG_WARN_RANGE_LOOP_ANALYSIS = YES;
				CLANG_WARN_STRICT_PROTOTYPES = YES;
				CLANG_WARN_SUSPICIOUS_MOVE = YES;
				CLANG_WARN_UNGUARDED_AVAILABILITY = YES_AGGRESSIVE;
				CLANG_WARN_UNREACHABLE_CODE = YES;
				CLANG_WARN__DUPLICATE_METHOD_MATCH = YES;
				COPY_PHASE_STRIP = NO;
				DEBUG_INFORMATION_FORMAT = dwarf;
				ENABLE_STRICT_OBJC_MSGSEND = YES;
				ENABLE_TESTABILITY = YES;
				GCC_C_LANGUAGE_STANDARD = gnu11;
				GCC_DYNAMIC_NO_PIC = NO;
				GCC_NO_COMMON_BLOCKS = YES;
				GCC_OPTIMIZATION_LEVEL = 0;
				GCC_PREPROCESSOR_DEFINITIONS = (
					"DEBUG=1",
					"$(inherited)",
				);
				GCC_WARN_64_TO_32_BIT_CONVERSION = YES;
				GCC_WARN_ABOUT_RETURN_TYPE = YES_ERROR;
				GCC_WARN_UNDECLARED_SELECTOR = YES;
				GCC_WARN_UNINITIALIZED_AUTOS = YES_AGGRESSIVE;
				GCC_WARN_UNUSED_FUNCTION = YES;
				GCC_WARN_UNUSED_VARIABLE = YES;
				INFOPLIST_KEY_UILaunchStoryboardName = "";
				IPHONEOS_DEPLOYMENT_TARGET = 16.4;
				MTL_ENABLE_DEBUG_INFO = INCLUDE_SOURCE;
				MTL_FAST_MATH = YES;
				ONLY_ACTIVE_ARCH = YES;
				SDKROOT = iphoneos;
				SWIFT_ACTIVE_COMPILATION_CONDITIONS = DEBUG;
				SWIFT_OPTIMIZATION_LEVEL = "-Onone";
			};
			name = Debug;
		};
		8C83FC162A59BBF10059A411 /* Release */ = {
			isa = XCBuildConfiguration;
			buildSettings = {
				ALWAYS_SEARCH_USER_PATHS = NO;
				CLANG_ANALYZER_NONNULL = YES;
				CLANG_ANALYZER_NUMBER_OBJECT_CONVERSION = YES_AGGRESSIVE;
				CLANG_CXX_LANGUAGE_STANDARD = "gnu++20";
				CLANG_ENABLE_MODULES = YES;
				CLANG_ENABLE_OBJC_ARC = YES;
				CLANG_ENABLE_OBJC_WEAK = YES;
				CLANG_WARN_BLOCK_CAPTURE_AUTORELEASING = YES;
				CLANG_WARN_BOOL_CONVERSION = YES;
				CLANG_WARN_COMMA = YES;
				CLANG_WARN_CONSTANT_CONVERSION = YES;
				CLANG_WARN_DEPRECATED_OBJC_IMPLEMENTATIONS = YES;
				CLANG_WARN_DIRECT_OBJC_ISA_USAGE = YES_ERROR;
				CLANG_WARN_DOCUMENTATION_COMMENTS = YES;
				CLANG_WARN_EMPTY_BODY = YES;
				CLANG_WARN_ENUM_CONVERSION = YES;
				CLANG_WARN_INFINITE_RECURSION = YES;
				CLANG_WARN_INT_CONVERSION = YES;
				CLANG_WARN_NON_LITERAL_NULL_CONVERSION = YES;
				CLANG_WARN_OBJC_IMPLICIT_RETAIN_SELF = YES;
				CLANG_WARN_OBJC_LITERAL_CONVERSION = YES;
				CLANG_WARN_OBJC_ROOT_CLASS = YES_ERROR;
				CLANG_WARN_QUOTED_INCLUDE_IN_FRAMEWORK_HEADER = YES;
				CLANG_WARN_RANGE_LOOP_ANALYSIS = YES;
				CLANG_WARN_STRICT_PROTOTYPES = YES;
				CLANG_WARN_SUSPICIOUS_MOVE = YES;
				CLANG_WARN_UNGUARDED_AVAILABILITY = YES_AGGRESSIVE;
				CLANG_WARN_UNREACHABLE_CODE = YES;
				CLANG_WARN__DUPLICATE_METHOD_MATCH = YES;
				COPY_PHASE_STRIP = NO;
				DEBUG_INFORMATION_FORMAT = "dwarf-with-dsym";
				ENABLE_NS_ASSERTIONS = NO;
				ENABLE_STRICT_OBJC_MSGSEND = YES;
				GCC_C_LANGUAGE_STANDARD = gnu11;
				GCC_NO_COMMON_BLOCKS = YES;
				GCC_WARN_64_TO_32_BIT_CONVERSION = YES;
				GCC_WARN_ABOUT_RETURN_TYPE = YES_ERROR;
				GCC_WARN_UNDECLARED_SELECTOR = YES;
				GCC_WARN_UNINITIALIZED_AUTOS = YES_AGGRESSIVE;
				GCC_WARN_UNUSED_FUNCTION = YES;
				GCC_WARN_UNUSED_VARIABLE = YES;
				INFOPLIST_KEY_UILaunchStoryboardName = "";
				IPHONEOS_DEPLOYMENT_TARGET = 16.4;
				MTL_ENABLE_DEBUG_INFO = NO;
				MTL_FAST_MATH = YES;
				SDKROOT = iphoneos;
				SWIFT_COMPILATION_MODE = wholemodule;
				SWIFT_OPTIMIZATION_LEVEL = "-O";
				VALIDATE_PRODUCT = YES;
			};
			name = Release;
		};
		8C83FC182A59BBF10059A411 /* Debug */ = {
			isa = XCBuildConfiguration;
			baseConfigurationReference = C3ED96B36A421EFCE6CE6A1C /* Pods-RickAndMorthyApp.debug.xcconfig */;
			buildSettings = {
				ASSETCATALOG_COMPILER_APPICON_NAME = AppIcon;
				ASSETCATALOG_COMPILER_GLOBAL_ACCENT_COLOR_NAME = AccentColor;
				CODE_SIGN_STYLE = Automatic;
				CURRENT_PROJECT_VERSION = 1;
				DEVELOPMENT_ASSET_PATHS = "\"RickAndMorthyApp/Preview Content\"";
				DEVELOPMENT_TEAM = PV7AN5N733;
				ENABLE_PREVIEWS = YES;
				GENERATE_INFOPLIST_FILE = YES;
				INFOPLIST_KEY_UIApplicationSceneManifest_Generation = YES;
				INFOPLIST_KEY_UIApplicationSupportsIndirectInputEvents = YES;
				INFOPLIST_KEY_UILaunchScreen_Generation = YES;
				INFOPLIST_KEY_UILaunchStoryboardName = LaunchScreen;
				INFOPLIST_KEY_UISupportedInterfaceOrientations_iPad = "UIInterfaceOrientationPortrait UIInterfaceOrientationPortraitUpsideDown UIInterfaceOrientationLandscapeLeft UIInterfaceOrientationLandscapeRight";
				INFOPLIST_KEY_UISupportedInterfaceOrientations_iPhone = "UIInterfaceOrientationPortrait UIInterfaceOrientationLandscapeLeft UIInterfaceOrientationLandscapeRight";
				LD_RUNPATH_SEARCH_PATHS = (
					"$(inherited)",
					"@executable_path/Frameworks",
				);
				MARKETING_VERSION = 1.0;
				PRODUCT_BUNDLE_IDENTIFIER = gotidea.com.RickAndMorthyApp;
				PRODUCT_NAME = "$(TARGET_NAME)";
				SWIFT_EMIT_LOC_STRINGS = YES;
				SWIFT_VERSION = 5.0;
				TARGETED_DEVICE_FAMILY = "1,2";
			};
			name = Debug;
		};
		8C83FC192A59BBF10059A411 /* Release */ = {
			isa = XCBuildConfiguration;
			baseConfigurationReference = 0D9D5943935A58682606A94F /* Pods-RickAndMorthyApp.release.xcconfig */;
			buildSettings = {
				ASSETCATALOG_COMPILER_APPICON_NAME = AppIcon;
				ASSETCATALOG_COMPILER_GLOBAL_ACCENT_COLOR_NAME = AccentColor;
				CODE_SIGN_STYLE = Automatic;
				CURRENT_PROJECT_VERSION = 1;
				DEVELOPMENT_ASSET_PATHS = "\"RickAndMorthyApp/Preview Content\"";
				DEVELOPMENT_TEAM = PV7AN5N733;
				ENABLE_PREVIEWS = YES;
				GENERATE_INFOPLIST_FILE = YES;
				INFOPLIST_KEY_UIApplicationSceneManifest_Generation = YES;
				INFOPLIST_KEY_UIApplicationSupportsIndirectInputEvents = YES;
				INFOPLIST_KEY_UILaunchScreen_Generation = YES;
				INFOPLIST_KEY_UILaunchStoryboardName = LaunchScreen;
				INFOPLIST_KEY_UISupportedInterfaceOrientations_iPad = "UIInterfaceOrientationPortrait UIInterfaceOrientationPortraitUpsideDown UIInterfaceOrientationLandscapeLeft UIInterfaceOrientationLandscapeRight";
				INFOPLIST_KEY_UISupportedInterfaceOrientations_iPhone = "UIInterfaceOrientationPortrait UIInterfaceOrientationLandscapeLeft UIInterfaceOrientationLandscapeRight";
				LD_RUNPATH_SEARCH_PATHS = (
					"$(inherited)",
					"@executable_path/Frameworks",
				);
				MARKETING_VERSION = 1.0;
				PRODUCT_BUNDLE_IDENTIFIER = gotidea.com.RickAndMorthyApp;
				PRODUCT_NAME = "$(TARGET_NAME)";
				SWIFT_EMIT_LOC_STRINGS = YES;
				SWIFT_VERSION = 5.0;
				TARGETED_DEVICE_FAMILY = "1,2";
			};
			name = Release;
		};
		8C83FC1B2A59BBF10059A411 /* Debug */ = {
			isa = XCBuildConfiguration;
			baseConfigurationReference = 7FD1F57A7D3FAB127F2FFC8E /* Pods-RickAndMorthyAppTests.debug.xcconfig */;
			buildSettings = {
				ALWAYS_EMBED_SWIFT_STANDARD_LIBRARIES = YES;
				BUNDLE_LOADER = "$(TEST_HOST)";
				CODE_SIGN_STYLE = Automatic;
				CURRENT_PROJECT_VERSION = 1;
				DEVELOPMENT_TEAM = PV7AN5N733;
				GENERATE_INFOPLIST_FILE = YES;
				IPHONEOS_DEPLOYMENT_TARGET = 16.4;
				MARKETING_VERSION = 1.0;
				PRODUCT_BUNDLE_IDENTIFIER = gotidea.com.RickAndMorthyAppTests;
				PRODUCT_NAME = "$(TARGET_NAME)";
				SWIFT_EMIT_LOC_STRINGS = NO;
				SWIFT_VERSION = 5.0;
				TARGETED_DEVICE_FAMILY = "1,2";
				TEST_HOST = "$(BUILT_PRODUCTS_DIR)/RickAndMorthyApp.app/$(BUNDLE_EXECUTABLE_FOLDER_PATH)/RickAndMorthyApp";
			};
			name = Debug;
		};
		8C83FC1C2A59BBF10059A411 /* Release */ = {
			isa = XCBuildConfiguration;
			baseConfigurationReference = 6A0DB88F6101262A1C9F76AF /* Pods-RickAndMorthyAppTests.release.xcconfig */;
			buildSettings = {
				ALWAYS_EMBED_SWIFT_STANDARD_LIBRARIES = YES;
				BUNDLE_LOADER = "$(TEST_HOST)";
				CODE_SIGN_STYLE = Automatic;
				CURRENT_PROJECT_VERSION = 1;
				DEVELOPMENT_TEAM = PV7AN5N733;
				GENERATE_INFOPLIST_FILE = YES;
				IPHONEOS_DEPLOYMENT_TARGET = 16.4;
				MARKETING_VERSION = 1.0;
				PRODUCT_BUNDLE_IDENTIFIER = gotidea.com.RickAndMorthyAppTests;
				PRODUCT_NAME = "$(TARGET_NAME)";
				SWIFT_EMIT_LOC_STRINGS = NO;
				SWIFT_VERSION = 5.0;
				TARGETED_DEVICE_FAMILY = "1,2";
				TEST_HOST = "$(BUILT_PRODUCTS_DIR)/RickAndMorthyApp.app/$(BUNDLE_EXECUTABLE_FOLDER_PATH)/RickAndMorthyApp";
			};
			name = Release;
		};
/* End XCBuildConfiguration section */

/* Begin XCConfigurationList section */
		8C83FBEE2A59BBF00059A411 /* Build configuration list for PBXProject "RickAndMorthyApp" */ = {
			isa = XCConfigurationList;
			buildConfigurations = (
				8C83FC152A59BBF10059A411 /* Debug */,
				8C83FC162A59BBF10059A411 /* Release */,
			);
			defaultConfigurationIsVisible = 0;
			defaultConfigurationName = Release;
		};
		8C83FC172A59BBF10059A411 /* Build configuration list for PBXNativeTarget "RickAndMorthyApp" */ = {
			isa = XCConfigurationList;
			buildConfigurations = (
				8C83FC182A59BBF10059A411 /* Debug */,
				8C83FC192A59BBF10059A411 /* Release */,
			);
			defaultConfigurationIsVisible = 0;
			defaultConfigurationName = Release;
		};
		8C83FC1A2A59BBF10059A411 /* Build configuration list for PBXNativeTarget "RickAndMorthyAppTests" */ = {
			isa = XCConfigurationList;
			buildConfigurations = (
				8C83FC1B2A59BBF10059A411 /* Debug */,
				8C83FC1C2A59BBF10059A411 /* Release */,
			);
			defaultConfigurationIsVisible = 0;
			defaultConfigurationName = Release;
		};
/* End XCConfigurationList section */
	};
	rootObject = 8C83FBEB2A59BBF00059A411 /* Project object */;
}
